
Microsoft Visual Studio Solution File, Format Version 12.00
# Visual Studio Version 16
VisualStudioVersion = 16.0.30503.244
MinimumVisualStudioVersion = 10.0.40219.1
Project("{FAE04EC0-301F-11D3-BF4B-00C04F79EFBC}") = "Rpa", "Rpa\Rpa.csproj", "{B6F1C94E-9F69-4738-B3F2-722EF98DE5AA}"
EndProject
Global
	GlobalSection(SolutionConfigurationPlatforms) = preSolution
		Debug|Any CPU = Debug|Any CPU
		Release|Any CPU = Release|Any CPU
	EndGlobalSection
	GlobalSection(ProjectConfigurationPlatforms) = postSolution
		{B6F1C94E-9F69-4738-B3F2-722EF98DE5AA}.Debug|Any CPU.ActiveCfg = Debug|Any CPU
		{B6F1C94E-9F69-4738-B3F2-722EF98DE5AA}.Debug|Any CPU.Build.0 = Debug|Any CPU
		{B6F1C94E-9F69-4738-B3F2-722EF98DE5AA}.Release|Any CPU.ActiveCfg = Release|Any CPU
		{B6F1C94E-9F69-4738-B3F2-722EF98DE5AA}.Release|Any CPU.Build.0 = Release|Any CPU
	EndGlobalSection
	GlobalSection(SolutionProperties) = preSolution
		HideSolutionNode = FALSE
	EndGlobalSection
	GlobalSection(ExtensibilityGlobals) = postSolution
		SolutionGuid = {0D33F427-ED7E-492B-A647-0CB740EDE5CE}
	EndGlobalSection
EndGlobal
